
Microsoft Visual Studio Solution File, Format Version 12.00
# Visual Studio Version 17
VisualStudioVersion = 17.11.35327.3
MinimumVisualStudioVersion = 10.0.40219.1
Project("{2150E333-8FDC-42A3-9474-1A3956D46DE8}") = "APIGateways", "APIGateways", "{C0E1FC2B-2696-4FD0-B2EB-14BE582C8B16}"
EndProject
Project("{2150E333-8FDC-42A3-9474-1A3956D46DE8}") = "Infrastructure", "Infrastructure", "{C97C95E1-7E1D-4593-B934-B184D215497D}"
EndProject
Project("{2150E333-8FDC-42A3-9474-1A3956D46DE8}") = "Services", "Services", "{B085FA6C-2DB4-4A25-9CE4-11EDCD3F0FCF}"
EndProject
Project("{9A19103F-16F7-4668-BE54-9A1E7A4F7556}") = "TShopping.Identity", "TShopping.Identity\TShopping.Identity.csproj", "{FBEB6569-89C0-4B3A-84EB-93EA787A49D4}"
EndProject
Project("{2150E333-8FDC-42A3-9474-1A3956D46DE8}") = "Catalog", "Catalog", "{5501961A-D492-4C3E-A54C-7E76BFD2C796}"
EndProject
Project("{FAE04EC0-301F-11D3-BF4B-00C04F79EFBC}") = "Catalog.API", "Catalog.API\Catalog.API.csproj", "{B103A292-672F-4CEF-AF5F-E700324B122B}"
EndProject
Global
	GlobalSection(SolutionConfigurationPlatforms) = preSolution
		Debug|Any CPU = Debug|Any CPU
		Release|Any CPU = Release|Any CPU
	EndGlobalSection
	GlobalSection(ProjectConfigurationPlatforms) = postSolution
		{FBEB6569-89C0-4B3A-84EB-93EA787A49D4}.Debug|Any CPU.ActiveCfg = Debug|Any CPU
		{FBEB6569-89C0-4B3A-84EB-93EA787A49D4}.Debug|Any CPU.Build.0 = Debug|Any CPU
		{FBEB6569-89C0-4B3A-84EB-93EA787A49D4}.Release|Any CPU.ActiveCfg = Release|Any CPU
		{FBEB6569-89C0-4B3A-84EB-93EA787A49D4}.Release|Any CPU.Build.0 = Release|Any CPU
		{B103A292-672F-4CEF-AF5F-E700324B122B}.Debug|Any CPU.ActiveCfg = Debug|Any CPU
		{B103A292-672F-4CEF-AF5F-E700324B122B}.Debug|Any CPU.Build.0 = Debug|Any CPU
		{B103A292-672F-4CEF-AF5F-E700324B122B}.Release|Any CPU.ActiveCfg = Release|Any CPU
		{B103A292-672F-4CEF-AF5F-E700324B122B}.Release|Any CPU.Build.0 = Release|Any CPU
	EndGlobalSection
	GlobalSection(SolutionProperties) = preSolution
		HideSolutionNode = FALSE
	EndGlobalSection
	GlobalSection(NestedProjects) = preSolution
		{FBEB6569-89C0-4B3A-84EB-93EA787A49D4} = {C97C95E1-7E1D-4593-B934-B184D215497D}
		{5501961A-D492-4C3E-A54C-7E76BFD2C796} = {B085FA6C-2DB4-4A25-9CE4-11EDCD3F0FCF}
		{B103A292-672F-4CEF-AF5F-E700324B122B} = {5501961A-D492-4C3E-A54C-7E76BFD2C796}
	EndGlobalSection
	GlobalSection(ExtensibilityGlobals) = postSolution
		SolutionGuid = {488A7647-0C6E-41AD-9045-6E179A58D5B2}
	EndGlobalSection
EndGlobal
